<?xml version="1.0" encoding="UTF-8" standalone="yes" ?>
<CodeBlocks_project_file>
	<FileVersion major="1" minor="6" />
	<Project>
		<Option title="Simple_Music_Maker" />
		<Option pch_mode="2" />
		<Option compiler="gcc" />
		<Build>
			<Target title="Debug">
				<Option output="bin/Debug/Simple_Music_Maker" prefix_auto="1" extension_auto="1" />
				<Option object_output="obj/Debug/" />
				<Option type="1" />
				<Option compiler="gcc" />
				<Compiler>
					<Add option="-g" />
					<Add option="`pkg-config gtkmm-3.0 --cflags`" />
					<Add option="`pkg-config libpulse-simple --cflags`" />
				</Compiler>
				<Linker>
					<Add option="`pkg-config gtkmm-3.0 --libs`" />
					<Add option="`pkg-config libpulse-simple --libs`" />
				</Linker>
			</Target>
			<Target title="Release">
				<Option output="bin/Release/Simple_Music_Maker" prefix_auto="1" extension_auto="1" />
				<Option object_output="obj/Release/" />
				<Option type="1" />
				<Option compiler="gcc" />
				<Compiler>
					<Add option="-O2" />
				</Compiler>
				<Linker>
					<Add option="-s" />
				</Linker>
			</Target>
		</Build>
		<Compiler>
			<Add option="-Wall" />
		</Compiler>
		<Unit filename="drawingarea.cpp" />
		<Unit filename="drawingarea.h" />
		<Unit filename="guimain.cpp" />
		<Unit filename="soundfuncs.h" />
		<Unit filename="window.cpp" />
		<Unit filename="window.h" />
		<Extensions />
	</Project>
</CodeBlocks_project_file>
